
Microsoft Visual Studio Solution File, Format Version 12.00
# Visual Studio Version 17
VisualStudioVersion = 17.0.31903.59
MinimumVisualStudioVersion = 10.0.40219.1
Project("{FAE04EC0-301F-11D3-BF4B-00C04F79EFBC}") = "server", "server\server.csproj", "{18AFFAC0-550D-40E6-B23F-154325ED27B6}"
EndProject
Project("{FAE04EC0-301F-11D3-BF4B-00C04F79EFBC}") = "server.Tests", "server.Tests\server.Tests.csproj", "{18FDEF75-D485-4ECF-8F37-297DD1075FB2}"
EndProject
Global
	GlobalSection(SolutionConfigurationPlatforms) = preSolution
		Debug|Any CPU = Debug|Any CPU
		Debug|x64 = Debug|x64
		Debug|x86 = Debug|x86
		Release|Any CPU = Release|Any CPU
		Release|x64 = Release|x64
		Release|x86 = Release|x86
	EndGlobalSection
	GlobalSection(ProjectConfigurationPlatforms) = postSolution
		{18AFFAC0-550D-40E6-B23F-154325ED27B6}.Debug|Any CPU.ActiveCfg = Debug|Any CPU
		{18AFFAC0-550D-40E6-B23F-154325ED27B6}.Debug|Any CPU.Build.0 = Debug|Any CPU
		{18AFFAC0-550D-40E6-B23F-154325ED27B6}.Debug|x64.ActiveCfg = Debug|Any CPU
		{18AFFAC0-550D-40E6-B23F-154325ED27B6}.Debug|x64.Build.0 = Debug|Any CPU
		{18AFFAC0-550D-40E6-B23F-154325ED27B6}.Debug|x86.ActiveCfg = Debug|Any CPU
		{18AFFAC0-550D-40E6-B23F-154325ED27B6}.Debug|x86.Build.0 = Debug|Any CPU
		{18AFFAC0-550D-40E6-B23F-154325ED27B6}.Release|Any CPU.ActiveCfg = Release|Any CPU
		{18AFFAC0-550D-40E6-B23F-154325ED27B6}.Release|Any CPU.Build.0 = Release|Any CPU
		{18AFFAC0-550D-40E6-B23F-154325ED27B6}.Release|x64.ActiveCfg = Release|Any CPU
		{18AFFAC0-550D-40E6-B23F-154325ED27B6}.Release|x64.Build.0 = Release|Any CPU
		{18AFFAC0-550D-40E6-B23F-154325ED27B6}.Release|x86.ActiveCfg = Release|Any CPU
		{18AFFAC0-550D-40E6-B23F-154325ED27B6}.Release|x86.Build.0 = Release|Any CPU
		{18FDEF75-D485-4ECF-8F37-297DD1075FB2}.Debug|Any CPU.ActiveCfg = Debug|Any CPU
		{18FDEF75-D485-4ECF-8F37-297DD1075FB2}.Debug|Any CPU.Build.0 = Debug|Any CPU
		{18FDEF75-D485-4ECF-8F37-297DD1075FB2}.Debug|x64.ActiveCfg = Debug|Any CPU
		{18FDEF75-D485-4ECF-8F37-297DD1075FB2}.Debug|x64.Build.0 = Debug|Any CPU
		{18FDEF75-D485-4ECF-8F37-297DD1075FB2}.Debug|x86.ActiveCfg = Debug|Any CPU
		{18FDEF75-D485-4ECF-8F37-297DD1075FB2}.Debug|x86.Build.0 = Debug|Any CPU
		{18FDEF75-D485-4ECF-8F37-297DD1075FB2}.Release|Any CPU.ActiveCfg = Release|Any CPU
		{18FDEF75-D485-4ECF-8F37-297DD1075FB2}.Release|Any CPU.Build.0 = Release|Any CPU
		{18FDEF75-D485-4ECF-8F37-297DD1075FB2}.Release|x64.ActiveCfg = Release|Any CPU
		{18FDEF75-D485-4ECF-8F37-297DD1075FB2}.Release|x64.Build.0 = Release|Any CPU
		{18FDEF75-D485-4ECF-8F37-297DD1075FB2}.Release|x86.ActiveCfg = Release|Any CPU
		{18FDEF75-D485-4ECF-8F37-297DD1075FB2}.Release|x86.Build.0 = Release|Any CPU
	EndGlobalSection
	GlobalSection(SolutionProperties) = preSolution
		HideSolutionNode = FALSE
	EndGlobalSection
EndGlobal
